
Microsoft Visual Studio Solution File, Format Version 12.00
# Visual Studio 15
VisualStudioVersion = 15.0.27703.2035
MinimumVisualStudioVersion = 10.0.40219.1
Project("{FAE04EC0-301F-11D3-BF4B-00C04F79EFBC}") = "EsapiPowerTools.Async", "src\EsapiPowerTools.Async\EsapiPowerTools.Async.csproj", "{ACF6A9D8-ACC1-45C5-93B4-537AB752EAFF}"
EndProject
Project("{FAE04EC0-301F-11D3-BF4B-00C04F79EFBC}") = "EsapiPowerTools.DoseMetrics", "src\EsapiPowerTools.DoseMetrics\EsapiPowerTools.DoseMetrics.csproj", "{770F685B-807D-403F-AE48-6DD697C25510}"
EndProject
Project("{FAE04EC0-301F-11D3-BF4B-00C04F79EFBC}") = "EsapiPowerTools.WpfTest", "src\EsapiPowerTools.WpfTest\EsapiPowerTools.WpfTest.csproj", "{C8B98E51-23C9-4D8B-8125-78B75A41DD95}"
EndProject
Project("{FAE04EC0-301F-11D3-BF4B-00C04F79EFBC}") = "EsapiPowerTools.SampleServiceInterface", "src\EsapiPowerTools.SampleServiceInterface\EsapiPowerTools.SampleServiceInterface.csproj", "{F59FA423-B2EE-4FCE-92B7-906F5CDA3153}"
EndProject
Project("{FAE04EC0-301F-11D3-BF4B-00C04F79EFBC}") = "EsapiPowerTools.SampleServiceImpl", "src\EsapiPowerTools.SampleServiceImpl\EsapiPowerTools.SampleServiceImpl.csproj", "{1C345FF9-6372-4D22-B80B-45F81DDF554E}"
EndProject
Project("{FAE04EC0-301F-11D3-BF4B-00C04F79EFBC}") = "EsapiPowerTools.Facade", "src\EsapiPowerTools.Facade\EsapiPowerTools.Facade.csproj", "{667EB5C5-559C-45D5-B3CE-C146AAF84A2A}"
EndProject
Global
	GlobalSection(SolutionConfigurationPlatforms) = preSolution
		Debug|Any CPU = Debug|Any CPU
		Release|Any CPU = Release|Any CPU
	EndGlobalSection
	GlobalSection(ProjectConfigurationPlatforms) = postSolution
		{ACF6A9D8-ACC1-45C5-93B4-537AB752EAFF}.Debug|Any CPU.ActiveCfg = Debug|x64
		{ACF6A9D8-ACC1-45C5-93B4-537AB752EAFF}.Debug|Any CPU.Build.0 = Debug|x64
		{ACF6A9D8-ACC1-45C5-93B4-537AB752EAFF}.Release|Any CPU.ActiveCfg = Release|x64
		{770F685B-807D-403F-AE48-6DD697C25510}.Debug|Any CPU.ActiveCfg = Debug|x64
		{770F685B-807D-403F-AE48-6DD697C25510}.Debug|Any CPU.Build.0 = Debug|x64
		{770F685B-807D-403F-AE48-6DD697C25510}.Release|Any CPU.ActiveCfg = Release|x64
		{C8B98E51-23C9-4D8B-8125-78B75A41DD95}.Debug|Any CPU.ActiveCfg = Debug|Any CPU
		{C8B98E51-23C9-4D8B-8125-78B75A41DD95}.Debug|Any CPU.Build.0 = Debug|Any CPU
		{C8B98E51-23C9-4D8B-8125-78B75A41DD95}.Release|Any CPU.ActiveCfg = Release|Any CPU
		{C8B98E51-23C9-4D8B-8125-78B75A41DD95}.Release|Any CPU.Build.0 = Release|Any CPU
		{F59FA423-B2EE-4FCE-92B7-906F5CDA3153}.Debug|Any CPU.ActiveCfg = Debug|Any CPU
		{F59FA423-B2EE-4FCE-92B7-906F5CDA3153}.Debug|Any CPU.Build.0 = Debug|Any CPU
		{F59FA423-B2EE-4FCE-92B7-906F5CDA3153}.Release|Any CPU.ActiveCfg = Release|Any CPU
		{F59FA423-B2EE-4FCE-92B7-906F5CDA3153}.Release|Any CPU.Build.0 = Release|Any CPU
		{1C345FF9-6372-4D22-B80B-45F81DDF554E}.Debug|Any CPU.ActiveCfg = Debug|Any CPU
		{1C345FF9-6372-4D22-B80B-45F81DDF554E}.Debug|Any CPU.Build.0 = Debug|Any CPU
		{1C345FF9-6372-4D22-B80B-45F81DDF554E}.Release|Any CPU.ActiveCfg = Release|Any CPU
		{1C345FF9-6372-4D22-B80B-45F81DDF554E}.Release|Any CPU.Build.0 = Release|Any CPU
		{667EB5C5-559C-45D5-B3CE-C146AAF84A2A}.Debug|Any CPU.ActiveCfg = Debug|x64
		{667EB5C5-559C-45D5-B3CE-C146AAF84A2A}.Debug|Any CPU.Build.0 = Debug|x64
		{667EB5C5-559C-45D5-B3CE-C146AAF84A2A}.Release|Any CPU.ActiveCfg = Release|x64
	EndGlobalSection
	GlobalSection(SolutionProperties) = preSolution
		HideSolutionNode = FALSE
	EndGlobalSection
	GlobalSection(ExtensibilityGlobals) = postSolution
		SolutionGuid = {09FB4B73-C18F-4F17-AA85-574F5938F47D}
	EndGlobalSection
EndGlobal
