
Microsoft Visual Studio Solution File, Format Version 12.00
# Visual Studio 15
VisualStudioVersion = 15.0.27703.2035
MinimumVisualStudioVersion = 10.0.40219.1
Project("{FAE04EC0-301F-11D3-BF4B-00C04F79EFBC}") = "EsapiEssentials", "src\EsapiEssentials\EsapiEssentials.csproj", "{FDC15E5D-0179-42CF-B352-48B74B234454}"
EndProject
Project("{2150E333-8FDC-42A3-9474-1A3956D46DE8}") = "Tests", "Tests", "{36DF1C0F-8BB5-4DD1-8F80-5C537D3690C4}"
EndProject
Project("{FAE04EC0-301F-11D3-BF4B-00C04F79EFBC}") = "EsapiEssentials.UnitTests", "tests\EsapiEssentials.UnitTests\EsapiEssentials.UnitTests.csproj", "{46821C78-494D-4BD4-8BA1-CC3B430C24F0}"
EndProject
Project("{2150E333-8FDC-42A3-9474-1A3956D46DE8}") = "Samples", "Samples", "{6210D496-EDFA-4E63-B07C-8F5220613629}"
EndProject
Project("{FAE04EC0-301F-11D3-BF4B-00C04F79EFBC}") = "EsapiEssentials.Samples.EsapiService", "samples\EsapiEssentials.Samples.EsapiService\EsapiEssentials.Samples.EsapiService.csproj", "{A53DF156-A49B-4A38-AF1F-C4B806DE5495}"
EndProject
Project("{FAE04EC0-301F-11D3-BF4B-00C04F79EFBC}") = "EsapiEssentials.Samples.Standalone", "samples\EsapiEssentials.Samples.Standalone\EsapiEssentials.Samples.Standalone.csproj", "{34D1533F-B661-4ACB-803D-E1E7FCD6476E}"
EndProject
Project("{FAE04EC0-301F-11D3-BF4B-00C04F79EFBC}") = "EsapiEssentials.PluginRunner", "src\EsapiEssentials.PluginRunner\EsapiEssentials.PluginRunner.csproj", "{E575892D-81D0-4A2F-9FB1-495D3F404502}"
EndProject
Project("{2150E333-8FDC-42A3-9474-1A3956D46DE8}") = "StandaloneRunner", "StandaloneRunner", "{213E327F-06CE-4578-B238-239F033A2F43}"
EndProject
Project("{FAE04EC0-301F-11D3-BF4B-00C04F79EFBC}") = "EsapiEssentials.Samples.StandaloneRunner.App", "samples\EsapiEssentials.Samples.StandaloneRunner.App\EsapiEssentials.Samples.StandaloneRunner.App.csproj", "{407BAEEF-029F-4F27-89F0-12B8EAAC790C}"
EndProject
Project("{FAE04EC0-301F-11D3-BF4B-00C04F79EFBC}") = "EsapiEssentials.Samples.StandaloneRunner.Script", "samples\EsapiEssentials.Samples.StandaloneRunner.Script\EsapiEssentials.Samples.StandaloneRunner.Script.csproj", "{B6BD150A-2A22-4D28-9152-D6E02E97B218}"
EndProject
Project("{2150E333-8FDC-42A3-9474-1A3956D46DE8}") = "PluginRunner", "PluginRunner", "{BA5E90B7-99B0-4C4A-A851-ACCD0CA68390}"
EndProject
Project("{FAE04EC0-301F-11D3-BF4B-00C04F79EFBC}") = "EsapiEssentials.Samples.PluginScript", "samples\EsapiEssentials.Samples.PluginScript\EsapiEssentials.Samples.PluginScript.csproj", "{FEB1E304-CCC9-4B61-ACD2-FE76DE6E1125}"
EndProject
Project("{FAE04EC0-301F-11D3-BF4B-00C04F79EFBC}") = "EsapiEssentials.Samples.PluginScript.Runner", "samples\EsapiEssentials.Samples.PluginScript.Runner\EsapiEssentials.Samples.PluginScript.Runner.csproj", "{CC28EBAC-C301-4CC1-91D0-EF99533C5F08}"
EndProject
Global
	GlobalSection(SolutionConfigurationPlatforms) = preSolution
		Debug|x64 = Debug|x64
		Release|x64 = Release|x64
	EndGlobalSection
	GlobalSection(ProjectConfigurationPlatforms) = postSolution
		{FDC15E5D-0179-42CF-B352-48B74B234454}.Debug|x64.ActiveCfg = Debug|x64
		{FDC15E5D-0179-42CF-B352-48B74B234454}.Debug|x64.Build.0 = Debug|x64
		{FDC15E5D-0179-42CF-B352-48B74B234454}.Release|x64.ActiveCfg = Release|x64
		{FDC15E5D-0179-42CF-B352-48B74B234454}.Release|x64.Build.0 = Release|x64
		{46821C78-494D-4BD4-8BA1-CC3B430C24F0}.Debug|x64.ActiveCfg = Debug|x64
		{46821C78-494D-4BD4-8BA1-CC3B430C24F0}.Debug|x64.Build.0 = Debug|x64
		{46821C78-494D-4BD4-8BA1-CC3B430C24F0}.Release|x64.ActiveCfg = Release|x64
		{46821C78-494D-4BD4-8BA1-CC3B430C24F0}.Release|x64.Build.0 = Release|x64
		{A53DF156-A49B-4A38-AF1F-C4B806DE5495}.Debug|x64.ActiveCfg = Debug|x64
		{A53DF156-A49B-4A38-AF1F-C4B806DE5495}.Debug|x64.Build.0 = Debug|x64
		{A53DF156-A49B-4A38-AF1F-C4B806DE5495}.Release|x64.ActiveCfg = Release|x64
		{A53DF156-A49B-4A38-AF1F-C4B806DE5495}.Release|x64.Build.0 = Release|x64
		{34D1533F-B661-4ACB-803D-E1E7FCD6476E}.Debug|x64.ActiveCfg = Debug|x64
		{34D1533F-B661-4ACB-803D-E1E7FCD6476E}.Debug|x64.Build.0 = Debug|x64
		{34D1533F-B661-4ACB-803D-E1E7FCD6476E}.Release|x64.ActiveCfg = Release|x64
		{34D1533F-B661-4ACB-803D-E1E7FCD6476E}.Release|x64.Build.0 = Release|x64
		{E575892D-81D0-4A2F-9FB1-495D3F404502}.Debug|x64.ActiveCfg = Debug|x64
		{E575892D-81D0-4A2F-9FB1-495D3F404502}.Debug|x64.Build.0 = Debug|x64
		{E575892D-81D0-4A2F-9FB1-495D3F404502}.Release|x64.ActiveCfg = Release|x64
		{E575892D-81D0-4A2F-9FB1-495D3F404502}.Release|x64.Build.0 = Release|x64
		{407BAEEF-029F-4F27-89F0-12B8EAAC790C}.Debug|x64.ActiveCfg = Debug|x64
		{407BAEEF-029F-4F27-89F0-12B8EAAC790C}.Debug|x64.Build.0 = Debug|x64
		{407BAEEF-029F-4F27-89F0-12B8EAAC790C}.Release|x64.ActiveCfg = Release|x64
		{407BAEEF-029F-4F27-89F0-12B8EAAC790C}.Release|x64.Build.0 = Release|x64
		{B6BD150A-2A22-4D28-9152-D6E02E97B218}.Debug|x64.ActiveCfg = Debug|x64
		{B6BD150A-2A22-4D28-9152-D6E02E97B218}.Debug|x64.Build.0 = Debug|x64
		{B6BD150A-2A22-4D28-9152-D6E02E97B218}.Release|x64.ActiveCfg = Release|x64
		{B6BD150A-2A22-4D28-9152-D6E02E97B218}.Release|x64.Build.0 = Release|x64
		{FEB1E304-CCC9-4B61-ACD2-FE76DE6E1125}.Debug|x64.ActiveCfg = Debug|x64
		{FEB1E304-CCC9-4B61-ACD2-FE76DE6E1125}.Debug|x64.Build.0 = Debug|x64
		{FEB1E304-CCC9-4B61-ACD2-FE76DE6E1125}.Release|x64.ActiveCfg = Release|x64
		{FEB1E304-CCC9-4B61-ACD2-FE76DE6E1125}.Release|x64.Build.0 = Release|x64
		{CC28EBAC-C301-4CC1-91D0-EF99533C5F08}.Debug|x64.ActiveCfg = Debug|x64
		{CC28EBAC-C301-4CC1-91D0-EF99533C5F08}.Debug|x64.Build.0 = Debug|x64
		{CC28EBAC-C301-4CC1-91D0-EF99533C5F08}.Release|x64.ActiveCfg = Release|x64
		{CC28EBAC-C301-4CC1-91D0-EF99533C5F08}.Release|x64.Build.0 = Release|x64
	EndGlobalSection
	GlobalSection(SolutionProperties) = preSolution
		HideSolutionNode = FALSE
	EndGlobalSection
	GlobalSection(NestedProjects) = preSolution
		{46821C78-494D-4BD4-8BA1-CC3B430C24F0} = {36DF1C0F-8BB5-4DD1-8F80-5C537D3690C4}
		{A53DF156-A49B-4A38-AF1F-C4B806DE5495} = {6210D496-EDFA-4E63-B07C-8F5220613629}
		{34D1533F-B661-4ACB-803D-E1E7FCD6476E} = {6210D496-EDFA-4E63-B07C-8F5220613629}
		{213E327F-06CE-4578-B238-239F033A2F43} = {6210D496-EDFA-4E63-B07C-8F5220613629}
		{407BAEEF-029F-4F27-89F0-12B8EAAC790C} = {213E327F-06CE-4578-B238-239F033A2F43}
		{B6BD150A-2A22-4D28-9152-D6E02E97B218} = {213E327F-06CE-4578-B238-239F033A2F43}
		{BA5E90B7-99B0-4C4A-A851-ACCD0CA68390} = {6210D496-EDFA-4E63-B07C-8F5220613629}
		{FEB1E304-CCC9-4B61-ACD2-FE76DE6E1125} = {BA5E90B7-99B0-4C4A-A851-ACCD0CA68390}
		{CC28EBAC-C301-4CC1-91D0-EF99533C5F08} = {BA5E90B7-99B0-4C4A-A851-ACCD0CA68390}
	EndGlobalSection
	GlobalSection(ExtensibilityGlobals) = postSolution
		SolutionGuid = {09FB4B73-C18F-4F17-AA85-574F5938F47D}
	EndGlobalSection
EndGlobal
