
Microsoft Visual Studio Solution File, Format Version 12.00
# Visual Studio 15
VisualStudioVersion = 15.0.27703.2035
MinimumVisualStudioVersion = 10.0.40219.1
Project("{FAE04EC0-301F-11D3-BF4B-00C04F79EFBC}") = "EsapiEssentials.Async", "src\EsapiEssentials.Async\EsapiEssentials.Async.csproj", "{ACF6A9D8-ACC1-45C5-93B4-537AB752EAFF}"
EndProject
Project("{FAE04EC0-301F-11D3-BF4B-00C04F79EFBC}") = "EsapiEssentials.DoseMetrics", "src\EsapiEssentials.DoseMetrics\EsapiEssentials.DoseMetrics.csproj", "{770F685B-807D-403F-AE48-6DD697C25510}"
EndProject
Project("{FAE04EC0-301F-11D3-BF4B-00C04F79EFBC}") = "EsapiEssentials.SampleServiceImpl", "src\EsapiEssentials.SampleServiceImpl\EsapiEssentials.SampleServiceImpl.csproj", "{1C345FF9-6372-4D22-B80B-45F81DDF554E}"
EndProject
Project("{FAE04EC0-301F-11D3-BF4B-00C04F79EFBC}") = "EsapiEssentials.SampleServiceInterface", "src\EsapiEssentials.SampleServiceInterface\EsapiEssentials.SampleServiceInterface.csproj", "{F59FA423-B2EE-4FCE-92B7-906F5CDA3153}"
EndProject
Project("{FAE04EC0-301F-11D3-BF4B-00C04F79EFBC}") = "EsapiEssentials.WpfTest", "src\EsapiEssentials.WpfTest\EsapiEssentials.WpfTest.csproj", "{C8B98E51-23C9-4D8B-8125-78B75A41DD95}"
EndProject
Project("{FAE04EC0-301F-11D3-BF4B-00C04F79EFBC}") = "EsapiEssentials.Extensions", "src\EsapiEssentials.Extensions\EsapiEssentials.Extensions.csproj", "{73E28918-A53C-44B0-8A5D-E889621E2E36}"
EndProject
Project("{FAE04EC0-301F-11D3-BF4B-00C04F79EFBC}") = "EsapiEssentials.Search", "src\EsapiEssentials.Search\EsapiEssentials.Search.csproj", "{63D06514-DB47-48BE-A2FB-C639DBA7ADC3}"
EndProject
Project("{FAE04EC0-301F-11D3-BF4B-00C04F79EFBC}") = "EsapiEssentials.Search.Tests", "tests\EsapiEssentials.Search.Tests\EsapiEssentials.Search.Tests.csproj", "{46821C78-494D-4BD4-8BA1-CC3B430C24F0}"
EndProject
Project("{FAE04EC0-301F-11D3-BF4B-00C04F79EFBC}") = "EsapiEssentials.Settings", "src\EsapiEssentials.Settings\EsapiEssentials.Settings.csproj", "{5C67073F-74EB-4473-B046-9A0532CE5451}"
EndProject
Global
	GlobalSection(SolutionConfigurationPlatforms) = preSolution
		Debug|Any CPU = Debug|Any CPU
		Debug|x64 = Debug|x64
		Release|Any CPU = Release|Any CPU
		Release|x64 = Release|x64
	EndGlobalSection
	GlobalSection(ProjectConfigurationPlatforms) = postSolution
		{ACF6A9D8-ACC1-45C5-93B4-537AB752EAFF}.Debug|Any CPU.ActiveCfg = Debug|x64
		{ACF6A9D8-ACC1-45C5-93B4-537AB752EAFF}.Debug|x64.ActiveCfg = Debug|x64
		{ACF6A9D8-ACC1-45C5-93B4-537AB752EAFF}.Debug|x64.Build.0 = Debug|x64
		{ACF6A9D8-ACC1-45C5-93B4-537AB752EAFF}.Release|Any CPU.ActiveCfg = Release|x64
		{ACF6A9D8-ACC1-45C5-93B4-537AB752EAFF}.Release|x64.ActiveCfg = Release|x64
		{ACF6A9D8-ACC1-45C5-93B4-537AB752EAFF}.Release|x64.Build.0 = Release|x64
		{770F685B-807D-403F-AE48-6DD697C25510}.Debug|Any CPU.ActiveCfg = Debug|x64
		{770F685B-807D-403F-AE48-6DD697C25510}.Debug|x64.ActiveCfg = Debug|x64
		{770F685B-807D-403F-AE48-6DD697C25510}.Debug|x64.Build.0 = Debug|x64
		{770F685B-807D-403F-AE48-6DD697C25510}.Release|Any CPU.ActiveCfg = Release|x64
		{770F685B-807D-403F-AE48-6DD697C25510}.Release|x64.ActiveCfg = Release|x64
		{770F685B-807D-403F-AE48-6DD697C25510}.Release|x64.Build.0 = Release|x64
		{1C345FF9-6372-4D22-B80B-45F81DDF554E}.Debug|Any CPU.ActiveCfg = Debug|x64
		{1C345FF9-6372-4D22-B80B-45F81DDF554E}.Debug|x64.ActiveCfg = Debug|x64
		{1C345FF9-6372-4D22-B80B-45F81DDF554E}.Debug|x64.Build.0 = Debug|x64
		{1C345FF9-6372-4D22-B80B-45F81DDF554E}.Release|Any CPU.ActiveCfg = Release|x64
		{1C345FF9-6372-4D22-B80B-45F81DDF554E}.Release|x64.ActiveCfg = Release|x64
		{1C345FF9-6372-4D22-B80B-45F81DDF554E}.Release|x64.Build.0 = Release|x64
		{F59FA423-B2EE-4FCE-92B7-906F5CDA3153}.Debug|Any CPU.ActiveCfg = Debug|x64
		{F59FA423-B2EE-4FCE-92B7-906F5CDA3153}.Debug|x64.ActiveCfg = Debug|x64
		{F59FA423-B2EE-4FCE-92B7-906F5CDA3153}.Debug|x64.Build.0 = Debug|x64
		{F59FA423-B2EE-4FCE-92B7-906F5CDA3153}.Release|Any CPU.ActiveCfg = Release|x64
		{F59FA423-B2EE-4FCE-92B7-906F5CDA3153}.Release|x64.ActiveCfg = Release|x64
		{F59FA423-B2EE-4FCE-92B7-906F5CDA3153}.Release|x64.Build.0 = Release|x64
		{C8B98E51-23C9-4D8B-8125-78B75A41DD95}.Debug|Any CPU.ActiveCfg = Debug|x64
		{C8B98E51-23C9-4D8B-8125-78B75A41DD95}.Debug|x64.ActiveCfg = Debug|x64
		{C8B98E51-23C9-4D8B-8125-78B75A41DD95}.Debug|x64.Build.0 = Debug|x64
		{C8B98E51-23C9-4D8B-8125-78B75A41DD95}.Release|Any CPU.ActiveCfg = Release|x64
		{C8B98E51-23C9-4D8B-8125-78B75A41DD95}.Release|x64.ActiveCfg = Release|x64
		{C8B98E51-23C9-4D8B-8125-78B75A41DD95}.Release|x64.Build.0 = Release|x64
		{73E28918-A53C-44B0-8A5D-E889621E2E36}.Debug|Any CPU.ActiveCfg = Debug|x64
		{73E28918-A53C-44B0-8A5D-E889621E2E36}.Debug|x64.ActiveCfg = Debug|x64
		{73E28918-A53C-44B0-8A5D-E889621E2E36}.Debug|x64.Build.0 = Debug|x64
		{73E28918-A53C-44B0-8A5D-E889621E2E36}.Release|Any CPU.ActiveCfg = Release|x64
		{73E28918-A53C-44B0-8A5D-E889621E2E36}.Release|x64.ActiveCfg = Release|x64
		{73E28918-A53C-44B0-8A5D-E889621E2E36}.Release|x64.Build.0 = Release|x64
		{63D06514-DB47-48BE-A2FB-C639DBA7ADC3}.Debug|Any CPU.ActiveCfg = Debug|x64
		{63D06514-DB47-48BE-A2FB-C639DBA7ADC3}.Debug|x64.ActiveCfg = Debug|x64
		{63D06514-DB47-48BE-A2FB-C639DBA7ADC3}.Debug|x64.Build.0 = Debug|x64
		{63D06514-DB47-48BE-A2FB-C639DBA7ADC3}.Release|Any CPU.ActiveCfg = Release|x64
		{63D06514-DB47-48BE-A2FB-C639DBA7ADC3}.Release|x64.ActiveCfg = Release|x64
		{63D06514-DB47-48BE-A2FB-C639DBA7ADC3}.Release|x64.Build.0 = Release|x64
		{46821C78-494D-4BD4-8BA1-CC3B430C24F0}.Debug|Any CPU.ActiveCfg = Debug|x64
		{46821C78-494D-4BD4-8BA1-CC3B430C24F0}.Debug|x64.ActiveCfg = Debug|x64
		{46821C78-494D-4BD4-8BA1-CC3B430C24F0}.Debug|x64.Build.0 = Debug|x64
		{46821C78-494D-4BD4-8BA1-CC3B430C24F0}.Release|Any CPU.ActiveCfg = Release|x64
		{46821C78-494D-4BD4-8BA1-CC3B430C24F0}.Release|x64.ActiveCfg = Release|x64
		{46821C78-494D-4BD4-8BA1-CC3B430C24F0}.Release|x64.Build.0 = Release|x64
		{5C67073F-74EB-4473-B046-9A0532CE5451}.Debug|Any CPU.ActiveCfg = Debug|Any CPU
		{5C67073F-74EB-4473-B046-9A0532CE5451}.Debug|Any CPU.Build.0 = Debug|Any CPU
		{5C67073F-74EB-4473-B046-9A0532CE5451}.Debug|x64.ActiveCfg = Debug|x64
		{5C67073F-74EB-4473-B046-9A0532CE5451}.Debug|x64.Build.0 = Debug|x64
		{5C67073F-74EB-4473-B046-9A0532CE5451}.Release|Any CPU.ActiveCfg = Release|Any CPU
		{5C67073F-74EB-4473-B046-9A0532CE5451}.Release|Any CPU.Build.0 = Release|Any CPU
		{5C67073F-74EB-4473-B046-9A0532CE5451}.Release|x64.ActiveCfg = Release|Any CPU
		{5C67073F-74EB-4473-B046-9A0532CE5451}.Release|x64.Build.0 = Release|Any CPU
	EndGlobalSection
	GlobalSection(SolutionProperties) = preSolution
		HideSolutionNode = FALSE
	EndGlobalSection
	GlobalSection(ExtensibilityGlobals) = postSolution
		SolutionGuid = {09FB4B73-C18F-4F17-AA85-574F5938F47D}
	EndGlobalSection
EndGlobal
