
Microsoft Visual Studio Solution File, Format Version 12.00
# Visual Studio Version 16
VisualStudioVersion = 16.0.29020.237
MinimumVisualStudioVersion = 10.0.40219.1
Project("{FAE04EC0-301F-11D3-BF4B-00C04F79EFBC}") = "EsapiEssentials", "src\EsapiEssentials\EsapiEssentials.csproj", "{FDC15E5D-0179-42CF-B352-48B74B234454}"
EndProject
Project("{2150E333-8FDC-42A3-9474-1A3956D46DE8}") = "Tests", "Tests", "{36DF1C0F-8BB5-4DD1-8F80-5C537D3690C4}"
EndProject
Project("{FAE04EC0-301F-11D3-BF4B-00C04F79EFBC}") = "EsapiEssentials.UnitTests", "tests\EsapiEssentials.UnitTests\EsapiEssentials.UnitTests.csproj", "{46821C78-494D-4BD4-8BA1-CC3B430C24F0}"
EndProject
Project("{2150E333-8FDC-42A3-9474-1A3956D46DE8}") = "Samples", "Samples", "{6210D496-EDFA-4E63-B07C-8F5220613629}"
EndProject
Project("{FAE04EC0-301F-11D3-BF4B-00C04F79EFBC}") = "EsapiEssentials.PluginRunner", "src\EsapiEssentials.PluginRunner\EsapiEssentials.PluginRunner.csproj", "{E575892D-81D0-4A2F-9FB1-495D3F404502}"
EndProject
Project("{2150E333-8FDC-42A3-9474-1A3956D46DE8}") = "Standalone", "Standalone", "{213E327F-06CE-4578-B238-239F033A2F43}"
EndProject
Project("{2150E333-8FDC-42A3-9474-1A3956D46DE8}") = "Plugin", "Plugin", "{BA5E90B7-99B0-4C4A-A851-ACCD0CA68390}"
EndProject
Project("{FAE04EC0-301F-11D3-BF4B-00C04F79EFBC}") = "EsapiEssentials.Samples.PluginScript", "samples\EsapiEssentials.Samples.PluginScript\EsapiEssentials.Samples.PluginScript.csproj", "{FEB1E304-CCC9-4B61-ACD2-FE76DE6E1125}"
EndProject
Project("{FAE04EC0-301F-11D3-BF4B-00C04F79EFBC}") = "EsapiEssentials.Samples.PluginScript.Runner", "samples\EsapiEssentials.Samples.PluginScript.Runner\EsapiEssentials.Samples.PluginScript.Runner.csproj", "{CC28EBAC-C301-4CC1-91D0-EF99533C5F08}"
EndProject
Project("{FAE04EC0-301F-11D3-BF4B-00C04F79EFBC}") = "EsapiEssentials.Samples.StandaloneApp.Runner", "samples\EsapiEssentials.Samples.StandaloneApp.Runner\EsapiEssentials.Samples.StandaloneApp.Runner.csproj", "{B6BD150A-2A22-4D28-9152-D6E02E97B218}"
EndProject
Project("{FAE04EC0-301F-11D3-BF4B-00C04F79EFBC}") = "EsapiEssentials.Samples.StandaloneApp", "samples\EsapiEssentials.Samples.StandaloneApp\EsapiEssentials.Samples.StandaloneApp.csproj", "{407BAEEF-029F-4F27-89F0-12B8EAAC790C}"
EndProject
Project("{FAE04EC0-301F-11D3-BF4B-00C04F79EFBC}") = "EsapiEssentials.Samples.Async", "samples\EsapiEssentials.Samples.Async\EsapiEssentials.Samples.Async.csproj", "{34D1533F-B661-4ACB-803D-E1E7FCD6476E}"
EndProject
Project("{FAE04EC0-301F-11D3-BF4B-00C04F79EFBC}") = "EsapiEssentials.Samples.AsyncPlugin", "samples\EsapiEssentials.Samples.AsyncPlugin\EsapiEssentials.Samples.AsyncPlugin.csproj", "{96E0CE2E-799B-473D-BF00-15DDC693A421}"
EndProject
Project("{FAE04EC0-301F-11D3-BF4B-00C04F79EFBC}") = "EsapiEssentials.Samples.AsyncPlugin.Runner", "samples\EsapiEssentials.Samples.AsyncPlugin.Runner\EsapiEssentials.Samples.AsyncPlugin.Runner.csproj", "{79D069B9-3FFA-4584-A132-C444937EDF9E}"
EndProject
Project("{2150E333-8FDC-42A3-9474-1A3956D46DE8}") = "Solution Items", "Solution Items", "{A72FC112-8F46-44EE-9E53-BE68CD863575}"
	ProjectSection(SolutionItems) = preProject
		Common.props = Common.props
	EndProjectSection
EndProject
Global
	GlobalSection(SolutionConfigurationPlatforms) = preSolution
		Debug-13.6|x64 = Debug-13.6|x64
		Debug-15.6|x64 = Debug-15.6|x64
		Release-13.6|x64 = Release-13.6|x64
		Release-15.6|x64 = Release-15.6|x64
	EndGlobalSection
	GlobalSection(ProjectConfigurationPlatforms) = postSolution
		{FDC15E5D-0179-42CF-B352-48B74B234454}.Debug-13.6|x64.ActiveCfg = Debug-13.6|x64
		{FDC15E5D-0179-42CF-B352-48B74B234454}.Debug-13.6|x64.Build.0 = Debug-13.6|x64
		{FDC15E5D-0179-42CF-B352-48B74B234454}.Debug-15.6|x64.ActiveCfg = Debug-15.6|x64
		{FDC15E5D-0179-42CF-B352-48B74B234454}.Debug-15.6|x64.Build.0 = Debug-15.6|x64
		{FDC15E5D-0179-42CF-B352-48B74B234454}.Release-13.6|x64.ActiveCfg = Release-13.6|x64
		{FDC15E5D-0179-42CF-B352-48B74B234454}.Release-13.6|x64.Build.0 = Release-13.6|x64
		{FDC15E5D-0179-42CF-B352-48B74B234454}.Release-15.6|x64.ActiveCfg = Release-15.6|x64
		{FDC15E5D-0179-42CF-B352-48B74B234454}.Release-15.6|x64.Build.0 = Release-15.6|x64
		{46821C78-494D-4BD4-8BA1-CC3B430C24F0}.Debug-13.6|x64.ActiveCfg = Debug|x64
		{46821C78-494D-4BD4-8BA1-CC3B430C24F0}.Debug-13.6|x64.Build.0 = Debug|x64
		{46821C78-494D-4BD4-8BA1-CC3B430C24F0}.Debug-15.6|x64.ActiveCfg = Debug|x64
		{46821C78-494D-4BD4-8BA1-CC3B430C24F0}.Debug-15.6|x64.Build.0 = Debug|x64
		{46821C78-494D-4BD4-8BA1-CC3B430C24F0}.Release-13.6|x64.ActiveCfg = Release|x64
		{46821C78-494D-4BD4-8BA1-CC3B430C24F0}.Release-13.6|x64.Build.0 = Release|x64
		{46821C78-494D-4BD4-8BA1-CC3B430C24F0}.Release-15.6|x64.ActiveCfg = Release|x64
		{46821C78-494D-4BD4-8BA1-CC3B430C24F0}.Release-15.6|x64.Build.0 = Release|x64
		{E575892D-81D0-4A2F-9FB1-495D3F404502}.Debug-13.6|x64.ActiveCfg = Debug-13.6|x64
		{E575892D-81D0-4A2F-9FB1-495D3F404502}.Debug-13.6|x64.Build.0 = Debug-13.6|x64
		{E575892D-81D0-4A2F-9FB1-495D3F404502}.Debug-15.6|x64.ActiveCfg = Debug-15.6|x64
		{E575892D-81D0-4A2F-9FB1-495D3F404502}.Debug-15.6|x64.Build.0 = Debug-15.6|x64
		{E575892D-81D0-4A2F-9FB1-495D3F404502}.Release-13.6|x64.ActiveCfg = Release-13.6|x64
		{E575892D-81D0-4A2F-9FB1-495D3F404502}.Release-13.6|x64.Build.0 = Release-13.6|x64
		{E575892D-81D0-4A2F-9FB1-495D3F404502}.Release-15.6|x64.ActiveCfg = Release-15.6|x64
		{E575892D-81D0-4A2F-9FB1-495D3F404502}.Release-15.6|x64.Build.0 = Release-15.6|x64
		{FEB1E304-CCC9-4B61-ACD2-FE76DE6E1125}.Debug-13.6|x64.ActiveCfg = Debug-13.6|x64
		{FEB1E304-CCC9-4B61-ACD2-FE76DE6E1125}.Debug-13.6|x64.Build.0 = Debug-13.6|x64
		{FEB1E304-CCC9-4B61-ACD2-FE76DE6E1125}.Debug-15.6|x64.ActiveCfg = Debug-15.6|x64
		{FEB1E304-CCC9-4B61-ACD2-FE76DE6E1125}.Debug-15.6|x64.Build.0 = Debug-15.6|x64
		{FEB1E304-CCC9-4B61-ACD2-FE76DE6E1125}.Release-13.6|x64.ActiveCfg = Release-13.6|x64
		{FEB1E304-CCC9-4B61-ACD2-FE76DE6E1125}.Release-13.6|x64.Build.0 = Release-13.6|x64
		{FEB1E304-CCC9-4B61-ACD2-FE76DE6E1125}.Release-15.6|x64.ActiveCfg = Release-15.6|x64
		{FEB1E304-CCC9-4B61-ACD2-FE76DE6E1125}.Release-15.6|x64.Build.0 = Release-15.6|x64
		{CC28EBAC-C301-4CC1-91D0-EF99533C5F08}.Debug-13.6|x64.ActiveCfg = Debug|x64
		{CC28EBAC-C301-4CC1-91D0-EF99533C5F08}.Debug-13.6|x64.Build.0 = Debug|x64
		{CC28EBAC-C301-4CC1-91D0-EF99533C5F08}.Debug-15.6|x64.ActiveCfg = Debug|x64
		{CC28EBAC-C301-4CC1-91D0-EF99533C5F08}.Debug-15.6|x64.Build.0 = Debug|x64
		{CC28EBAC-C301-4CC1-91D0-EF99533C5F08}.Release-13.6|x64.ActiveCfg = Release|x64
		{CC28EBAC-C301-4CC1-91D0-EF99533C5F08}.Release-13.6|x64.Build.0 = Release|x64
		{CC28EBAC-C301-4CC1-91D0-EF99533C5F08}.Release-15.6|x64.ActiveCfg = Release|x64
		{CC28EBAC-C301-4CC1-91D0-EF99533C5F08}.Release-15.6|x64.Build.0 = Release|x64
		{B6BD150A-2A22-4D28-9152-D6E02E97B218}.Debug-13.6|x64.ActiveCfg = Debug-13.6|x64
		{B6BD150A-2A22-4D28-9152-D6E02E97B218}.Debug-13.6|x64.Build.0 = Debug-13.6|x64
		{B6BD150A-2A22-4D28-9152-D6E02E97B218}.Debug-15.6|x64.ActiveCfg = Debug-15.6|x64
		{B6BD150A-2A22-4D28-9152-D6E02E97B218}.Debug-15.6|x64.Build.0 = Debug-15.6|x64
		{B6BD150A-2A22-4D28-9152-D6E02E97B218}.Release-13.6|x64.ActiveCfg = Release-13.6|x64
		{B6BD150A-2A22-4D28-9152-D6E02E97B218}.Release-13.6|x64.Build.0 = Release-13.6|x64
		{B6BD150A-2A22-4D28-9152-D6E02E97B218}.Release-15.6|x64.ActiveCfg = Release-15.6|x64
		{B6BD150A-2A22-4D28-9152-D6E02E97B218}.Release-15.6|x64.Build.0 = Release-15.6|x64
		{407BAEEF-029F-4F27-89F0-12B8EAAC790C}.Debug-13.6|x64.ActiveCfg = Debug-13.6|x64
		{407BAEEF-029F-4F27-89F0-12B8EAAC790C}.Debug-13.6|x64.Build.0 = Debug-13.6|x64
		{407BAEEF-029F-4F27-89F0-12B8EAAC790C}.Debug-15.6|x64.ActiveCfg = Debug-15.6|x64
		{407BAEEF-029F-4F27-89F0-12B8EAAC790C}.Debug-15.6|x64.Build.0 = Debug-15.6|x64
		{407BAEEF-029F-4F27-89F0-12B8EAAC790C}.Release-13.6|x64.ActiveCfg = Release-13.6|x64
		{407BAEEF-029F-4F27-89F0-12B8EAAC790C}.Release-13.6|x64.Build.0 = Release-13.6|x64
		{407BAEEF-029F-4F27-89F0-12B8EAAC790C}.Release-15.6|x64.ActiveCfg = Release-15.6|x64
		{407BAEEF-029F-4F27-89F0-12B8EAAC790C}.Release-15.6|x64.Build.0 = Release-15.6|x64
		{34D1533F-B661-4ACB-803D-E1E7FCD6476E}.Debug-13.6|x64.ActiveCfg = Debug-13.6|x64
		{34D1533F-B661-4ACB-803D-E1E7FCD6476E}.Debug-13.6|x64.Build.0 = Debug-13.6|x64
		{34D1533F-B661-4ACB-803D-E1E7FCD6476E}.Debug-15.6|x64.ActiveCfg = Debug-15.6|x64
		{34D1533F-B661-4ACB-803D-E1E7FCD6476E}.Debug-15.6|x64.Build.0 = Debug-15.6|x64
		{34D1533F-B661-4ACB-803D-E1E7FCD6476E}.Release-13.6|x64.ActiveCfg = Release-13.6|x64
		{34D1533F-B661-4ACB-803D-E1E7FCD6476E}.Release-13.6|x64.Build.0 = Release-13.6|x64
		{34D1533F-B661-4ACB-803D-E1E7FCD6476E}.Release-15.6|x64.ActiveCfg = Release-15.6|x64
		{34D1533F-B661-4ACB-803D-E1E7FCD6476E}.Release-15.6|x64.Build.0 = Release-15.6|x64
		{96E0CE2E-799B-473D-BF00-15DDC693A421}.Debug-13.6|x64.ActiveCfg = Debug-13.6|x64
		{96E0CE2E-799B-473D-BF00-15DDC693A421}.Debug-13.6|x64.Build.0 = Debug-13.6|x64
		{96E0CE2E-799B-473D-BF00-15DDC693A421}.Debug-15.6|x64.ActiveCfg = Debug-15.6|x64
		{96E0CE2E-799B-473D-BF00-15DDC693A421}.Debug-15.6|x64.Build.0 = Debug-15.6|x64
		{96E0CE2E-799B-473D-BF00-15DDC693A421}.Release-13.6|x64.ActiveCfg = Release-13.6|x64
		{96E0CE2E-799B-473D-BF00-15DDC693A421}.Release-13.6|x64.Build.0 = Release-13.6|x64
		{96E0CE2E-799B-473D-BF00-15DDC693A421}.Release-15.6|x64.ActiveCfg = Release-15.6|x64
		{96E0CE2E-799B-473D-BF00-15DDC693A421}.Release-15.6|x64.Build.0 = Release-15.6|x64
		{79D069B9-3FFA-4584-A132-C444937EDF9E}.Debug-13.6|x64.ActiveCfg = Debug|x64
		{79D069B9-3FFA-4584-A132-C444937EDF9E}.Debug-13.6|x64.Build.0 = Debug|x64
		{79D069B9-3FFA-4584-A132-C444937EDF9E}.Debug-15.6|x64.ActiveCfg = Debug|x64
		{79D069B9-3FFA-4584-A132-C444937EDF9E}.Debug-15.6|x64.Build.0 = Debug|x64
		{79D069B9-3FFA-4584-A132-C444937EDF9E}.Release-13.6|x64.ActiveCfg = Release|x64
		{79D069B9-3FFA-4584-A132-C444937EDF9E}.Release-13.6|x64.Build.0 = Release|x64
		{79D069B9-3FFA-4584-A132-C444937EDF9E}.Release-15.6|x64.ActiveCfg = Release|x64
		{79D069B9-3FFA-4584-A132-C444937EDF9E}.Release-15.6|x64.Build.0 = Release|x64
	EndGlobalSection
	GlobalSection(SolutionProperties) = preSolution
		HideSolutionNode = FALSE
	EndGlobalSection
	GlobalSection(NestedProjects) = preSolution
		{46821C78-494D-4BD4-8BA1-CC3B430C24F0} = {36DF1C0F-8BB5-4DD1-8F80-5C537D3690C4}
		{213E327F-06CE-4578-B238-239F033A2F43} = {6210D496-EDFA-4E63-B07C-8F5220613629}
		{BA5E90B7-99B0-4C4A-A851-ACCD0CA68390} = {6210D496-EDFA-4E63-B07C-8F5220613629}
		{FEB1E304-CCC9-4B61-ACD2-FE76DE6E1125} = {BA5E90B7-99B0-4C4A-A851-ACCD0CA68390}
		{CC28EBAC-C301-4CC1-91D0-EF99533C5F08} = {BA5E90B7-99B0-4C4A-A851-ACCD0CA68390}
		{B6BD150A-2A22-4D28-9152-D6E02E97B218} = {213E327F-06CE-4578-B238-239F033A2F43}
		{407BAEEF-029F-4F27-89F0-12B8EAAC790C} = {213E327F-06CE-4578-B238-239F033A2F43}
		{34D1533F-B661-4ACB-803D-E1E7FCD6476E} = {213E327F-06CE-4578-B238-239F033A2F43}
		{96E0CE2E-799B-473D-BF00-15DDC693A421} = {BA5E90B7-99B0-4C4A-A851-ACCD0CA68390}
		{79D069B9-3FFA-4584-A132-C444937EDF9E} = {BA5E90B7-99B0-4C4A-A851-ACCD0CA68390}
	EndGlobalSection
	GlobalSection(ExtensibilityGlobals) = postSolution
		SolutionGuid = {09FB4B73-C18F-4F17-AA85-574F5938F47D}
	EndGlobalSection
EndGlobal
